
Microsoft Visual Studio Solution File, Format Version 12.00
# Visual Studio 15
VisualStudioVersion = 15.0.28307.489
MinimumVisualStudioVersion = 10.0.40219.1
Project("{FAE04EC0-301F-11D3-BF4B-00C04F79EFBC}") = "NetCoreApiExample", "NetCoreApiExample\NetCoreApiExample.csproj", "{9694602F-E3E3-4C09-9712-5EB01CE04B18}"
EndProject
Global
	GlobalSection(SolutionConfigurationPlatforms) = preSolution
		Debug|Any CPU = Debug|Any CPU
		Release|Any CPU = Release|Any CPU
	EndGlobalSection
	GlobalSection(ProjectConfigurationPlatforms) = postSolution
		{9694602F-E3E3-4C09-9712-5EB01CE04B18}.Debug|Any CPU.ActiveCfg = Debug|Any CPU
		{9694602F-E3E3-4C09-9712-5EB01CE04B18}.Debug|Any CPU.Build.0 = Debug|Any CPU
		{9694602F-E3E3-4C09-9712-5EB01CE04B18}.Release|Any CPU.ActiveCfg = Release|Any CPU
		{9694602F-E3E3-4C09-9712-5EB01CE04B18}.Release|Any CPU.Build.0 = Release|Any CPU
	EndGlobalSection
	GlobalSection(SolutionProperties) = preSolution
		HideSolutionNode = FALSE
	EndGlobalSection
	GlobalSection(ExtensibilityGlobals) = postSolution
		SolutionGuid = {46607782-C737-4161-8645-D24A2BC5E7E3}
	EndGlobalSection
EndGlobal
